
Microsoft Visual Studio Solution File, Format Version 12.00
# Visual Studio Version 16
VisualStudioVersion = 16.0.32929.386
MinimumVisualStudioVersion = 10.0.40219.1
Project("{9A19103F-16F7-4668-BE54-9A1E7A4F7556}") = "CarRacing", "CarRacing.csproj", "{A57F8D2C-7462-4E13-9A9F-62E32E593C69}"
EndProject
Global
	GlobalSection(SolutionConfigurationPlatforms) = preSolution
		Debug|Any CPU = Debug|Any CPU
		Release|Any CPU = Release|Any CPU
	EndGlobalSection
	GlobalSection(ProjectConfigurationPlatforms) = postSolution
		{A57F8D2C-7462-4E13-9A9F-62E32E593C69}.Debug|Any CPU.ActiveCfg = Debug|Any CPU
		{A57F8D2C-7462-4E13-9A9F-62E32E593C69}.Debug|Any CPU.Build.0 = Debug|Any CPU
		{A57F8D2C-7462-4E13-9A9F-62E32E593C69}.Release|Any CPU.ActiveCfg = Release|Any CPU
		{A57F8D2C-7462-4E13-9A9F-62E32E593C69}.Release|Any CPU.Build.0 = Release|Any CPU
	EndGlobalSection
	GlobalSection(SolutionProperties) = preSolution
		HideSolutionNode = FALSE
	EndGlobalSection
	GlobalSection(ExtensibilityGlobals) = postSolution
		SolutionGuid = {3E6BB8CB-451D-4664-ACB0-42857D5A3666}
	EndGlobalSection
EndGlobal
