
Microsoft Visual Studio Solution File, Format Version 12.00
# Visual Studio Version 16
VisualStudioVersion = 16.0.32929.386
MinimumVisualStudioVersion = 10.0.40219.1
Project("{FAE04EC0-301F-11D3-BF4B-00C04F79EFBC}") = "Telephony", "Telephony\Telephony.csproj", "{7106DC61-9054-4EF2-AB9E-9F1982FC20F4}"
EndProject
Global
	GlobalSection(SolutionConfigurationPlatforms) = preSolution
		Debug|Any CPU = Debug|Any CPU
		Release|Any CPU = Release|Any CPU
	EndGlobalSection
	GlobalSection(ProjectConfigurationPlatforms) = postSolution
		{7106DC61-9054-4EF2-AB9E-9F1982FC20F4}.Debug|Any CPU.ActiveCfg = Debug|Any CPU
		{7106DC61-9054-4EF2-AB9E-9F1982FC20F4}.Debug|Any CPU.Build.0 = Debug|Any CPU
		{7106DC61-9054-4EF2-AB9E-9F1982FC20F4}.Release|Any CPU.ActiveCfg = Release|Any CPU
		{7106DC61-9054-4EF2-AB9E-9F1982FC20F4}.Release|Any CPU.Build.0 = Release|Any CPU
	EndGlobalSection
	GlobalSection(SolutionProperties) = preSolution
		HideSolutionNode = FALSE
	EndGlobalSection
	GlobalSection(ExtensibilityGlobals) = postSolution
		SolutionGuid = {F3FE81BD-90C5-4266-B627-61CDA177CF5F}
	EndGlobalSection
EndGlobal
