
Microsoft Visual Studio Solution File, Format Version 12.00
# Visual Studio Version 17
VisualStudioVersion = 17.10.35013.160
MinimumVisualStudioVersion = 10.0.40219.1
Project("{9A19103F-16F7-4668-BE54-9A1E7A4F7556}") = "Competitors", "Competitors\Competitors.csproj", "{26D124E3-EE3F-48D5-BE3F-091EF5F855A0}"
EndProject
Project("{FAE04EC0-301F-11D3-BF4B-00C04F79EFBC}") = "CompetitorsUnitTesting", "CompetitorsUnitTesting\CompetitorsUnitTesting.csproj", "{712CC031-C549-4721-B96D-CFB63D7BC45E}"
EndProject
Global
	GlobalSection(SolutionConfigurationPlatforms) = preSolution
		Debug|Any CPU = Debug|Any CPU
		Release|Any CPU = Release|Any CPU
	EndGlobalSection
	GlobalSection(ProjectConfigurationPlatforms) = postSolution
		{26D124E3-EE3F-48D5-BE3F-091EF5F855A0}.Debug|Any CPU.ActiveCfg = Debug|Any CPU
		{26D124E3-EE3F-48D5-BE3F-091EF5F855A0}.Debug|Any CPU.Build.0 = Debug|Any CPU
		{26D124E3-EE3F-48D5-BE3F-091EF5F855A0}.Release|Any CPU.ActiveCfg = Release|Any CPU
		{26D124E3-EE3F-48D5-BE3F-091EF5F855A0}.Release|Any CPU.Build.0 = Release|Any CPU
		{712CC031-C549-4721-B96D-CFB63D7BC45E}.Debug|Any CPU.ActiveCfg = Debug|Any CPU
		{712CC031-C549-4721-B96D-CFB63D7BC45E}.Debug|Any CPU.Build.0 = Debug|Any CPU
		{712CC031-C549-4721-B96D-CFB63D7BC45E}.Release|Any CPU.ActiveCfg = Release|Any CPU
		{712CC031-C549-4721-B96D-CFB63D7BC45E}.Release|Any CPU.Build.0 = Release|Any CPU
	EndGlobalSection
	GlobalSection(SolutionProperties) = preSolution
		HideSolutionNode = FALSE
	EndGlobalSection
	GlobalSection(ExtensibilityGlobals) = postSolution
		SolutionGuid = {F74C3C56-BA32-4242-9C0A-08ACC75F7D5A}
	EndGlobalSection
EndGlobal
